
Microsoft Visual Studio Solution File, Format Version 12.00
# Visual Studio Version 17
VisualStudioVersion = 17.11.35219.272
MinimumVisualStudioVersion = 10.0.40219.1
Project("{FAE04EC0-301F-11D3-BF4B-00C04F79EFBC}") = "Frontend", "Frontend.csproj", "{ADA9C09D-827C-40EB-8530-8E6BA3C642BD}"
EndProject
Global
	GlobalSection(SolutionConfigurationPlatforms) = preSolution
		Debug|Any CPU = Debug|Any CPU
		Release|Any CPU = Release|Any CPU
	EndGlobalSection
	GlobalSection(ProjectConfigurationPlatforms) = postSolution
		{ADA9C09D-827C-40EB-8530-8E6BA3C642BD}.Debug|Any CPU.ActiveCfg = Debug|Any CPU
		{ADA9C09D-827C-40EB-8530-8E6BA3C642BD}.Debug|Any CPU.Build.0 = Debug|Any CPU
		{ADA9C09D-827C-40EB-8530-8E6BA3C642BD}.Release|Any CPU.ActiveCfg = Release|Any CPU
		{ADA9C09D-827C-40EB-8530-8E6BA3C642BD}.Release|Any CPU.Build.0 = Release|Any CPU
	EndGlobalSection
	GlobalSection(SolutionProperties) = preSolution
		HideSolutionNode = FALSE
	EndGlobalSection
	GlobalSection(ExtensibilityGlobals) = postSolution
		SolutionGuid = {6BB61DEE-6016-4672-AE8F-7C4AD339D959}
	EndGlobalSection
EndGlobal
